// !$*UTF8*$!
{
	archiveVersion = 1;
	classes = {
	};
	objectVersion = 46;
	objects = {

/* Begin PBXBuildFile section */
		03DAE7231809B3F16B136262 /* Pods_TwitSplitTests.framework in Frameworks */ = {isa = PBXBuildFile; fileRef = 034A7B23801DAEEFD1C2553D /* Pods_TwitSplitTests.framework */; };
		1EC1304273F7B21901D754D6 /* Pods_TwitSplitUITests.framework in Frameworks */ = {isa = PBXBuildFile; fileRef = 9B3DAE78275589A05EBD5A18 /* Pods_TwitSplitUITests.framework */; };
		ACB1B114D86867B286728E74 /* Pods_TwitSplit.framework in Frameworks */ = {isa = PBXBuildFile; fileRef = DCEDD41ED8EAE77CB9C04B4E /* Pods_TwitSplit.framework */; };
		EB023B561F7B9F75008188F6 /* AppDelegate.swift in Sources */ = {isa = PBXBuildFile; fileRef = EB023B551F7B9F75008188F6 /* AppDelegate.swift */; };
		EB023B581F7B9F75008188F6 /* HomeViewController.swift in Sources */ = {isa = PBXBuildFile; fileRef = EB023B571F7B9F75008188F6 /* HomeViewController.swift */; };
		EB023B5B1F7B9F75008188F6 /* Main.storyboard in Resources */ = {isa = PBXBuildFile; fileRef = EB023B591F7B9F75008188F6 /* Main.storyboard */; };
		EB023B5D1F7B9F75008188F6 /* Assets.xcassets in Resources */ = {isa = PBXBuildFile; fileRef = EB023B5C1F7B9F75008188F6 /* Assets.xcassets */; };
		EB023B601F7B9F75008188F6 /* LaunchScreen.storyboard in Resources */ = {isa = PBXBuildFile; fileRef = EB023B5E1F7B9F75008188F6 /* LaunchScreen.storyboard */; };
		EB023B6B1F7B9F75008188F6 /* TwitSplitTests.swift in Sources */ = {isa = PBXBuildFile; fileRef = EB023B6A1F7B9F75008188F6 /* TwitSplitTests.swift */; };
		EB023B761F7B9F75008188F6 /* TwitSplitUITests.swift in Sources */ = {isa = PBXBuildFile; fileRef = EB023B751F7B9F75008188F6 /* TwitSplitUITests.swift */; };
		EB023B871F7BA22D008188F6 /* Utils.swift in Sources */ = {isa = PBXBuildFile; fileRef = EB023B861F7BA22D008188F6 /* Utils.swift */; };
		EB9678FF1F7E1B3000F1C3A6 /* GoogleService-Info.plist in Resources */ = {isa = PBXBuildFile; fileRef = EB9678FE1F7E1B3000F1C3A6 /* GoogleService-Info.plist */; };
		EB9679021F7E1EE900F1C3A6 /* NewPostViewController.swift in Sources */ = {isa = PBXBuildFile; fileRef = EB9679011F7E1EE900F1C3A6 /* NewPostViewController.swift */; };
		EB9679051F7E224700F1C3A6 /* HomeCell.swift in Sources */ = {isa = PBXBuildFile; fileRef = EB9679031F7E224700F1C3A6 /* HomeCell.swift */; };
		EB9679061F7E224700F1C3A6 /* HomeCell.xib in Resources */ = {isa = PBXBuildFile; fileRef = EB9679041F7E224700F1C3A6 /* HomeCell.xib */; };
		EB9679091F7E2A9D00F1C3A6 /* Message.swift in Sources */ = {isa = PBXBuildFile; fileRef = EB9679081F7E2A9D00F1C3A6 /* Message.swift */; };
/* End PBXBuildFile section */

/* Begin PBXContainerItemProxy section */
		EB023B671F7B9F75008188F6 /* PBXContainerItemProxy */ = {
			isa = PBXContainerItemProxy;
			containerPortal = EB023B4A1F7B9F75008188F6 /* Project object */;
			proxyType = 1;
			remoteGlobalIDString = EB023B511F7B9F75008188F6;
			remoteInfo = TwitSplit;
		};
		EB023B721F7B9F75008188F6 /* PBXContainerItemProxy */ = {
			isa = PBXContainerItemProxy;
			containerPortal = EB023B4A1F7B9F75008188F6 /* Project object */;
			proxyType = 1;
			remoteGlobalIDString = EB023B511F7B9F75008188F6;
			remoteInfo = TwitSplit;
		};
/* End PBXContainerItemProxy section */

/* Begin PBXFileReference section */
		034A7B23801DAEEFD1C2553D /* Pods_TwitSplitTests.framework */ = {isa = PBXFileReference; explicitFileType = wrapper.framework; includeInIndex = 0; path = Pods_TwitSplitTests.framework; sourceTree = BUILT_PRODUCTS_DIR; };
		54650C278DC0A63FFC11140A /* Pods-TwitSplitUITests.debug.xcconfig */ = {isa = PBXFileReference; includeInIndex = 1; lastKnownFileType = text.xcconfig; name = "Pods-TwitSplitUITests.debug.xcconfig"; path = "Pods/Target Support Files/Pods-TwitSplitUITests/Pods-TwitSplitUITests.debug.xcconfig"; sourceTree = "<group>"; };
		739FBF0DB80CDBD1897AA766 /* Pods-TwitSplit.release.xcconfig */ = {isa = PBXFileReference; includeInIndex = 1; lastKnownFileType = text.xcconfig; name = "Pods-TwitSplit.release.xcconfig"; path = "Pods/Target Support Files/Pods-TwitSplit/Pods-TwitSplit.release.xcconfig"; sourceTree = "<group>"; };
		93958F7E6A750E13D2480349 /* Pods-TwitSplitUITests.release.xcconfig */ = {isa = PBXFileReference; includeInIndex = 1; lastKnownFileType = text.xcconfig; name = "Pods-TwitSplitUITests.release.xcconfig"; path = "Pods/Target Support Files/Pods-TwitSplitUITests/Pods-TwitSplitUITests.release.xcconfig"; sourceTree = "<group>"; };
		9B3DAE78275589A05EBD5A18 /* Pods_TwitSplitUITests.framework */ = {isa = PBXFileReference; explicitFileType = wrapper.framework; includeInIndex = 0; path = Pods_TwitSplitUITests.framework; sourceTree = BUILT_PRODUCTS_DIR; };
		B48F781C2A8F1EE4489DDCD3 /* Pods-TwitSplitTests.release.xcconfig */ = {isa = PBXFileReference; includeInIndex = 1; lastKnownFileType = text.xcconfig; name = "Pods-TwitSplitTests.release.xcconfig"; path = "Pods/Target Support Files/Pods-TwitSplitTests/Pods-TwitSplitTests.release.xcconfig"; sourceTree = "<group>"; };
		DCEDD41ED8EAE77CB9C04B4E /* Pods_TwitSplit.framework */ = {isa = PBXFileReference; explicitFileType = wrapper.framework; includeInIndex = 0; path = Pods_TwitSplit.framework; sourceTree = BUILT_PRODUCTS_DIR; };
		E686DF1799633C6357049587 /* Pods-TwitSplit.debug.xcconfig */ = {isa = PBXFileReference; includeInIndex = 1; lastKnownFileType = text.xcconfig; name = "Pods-TwitSplit.debug.xcconfig"; path = "Pods/Target Support Files/Pods-TwitSplit/Pods-TwitSplit.debug.xcconfig"; sourceTree = "<group>"; };
		EA0019D26CCAEB2E27B9733E /* Pods-TwitSplitTests.debug.xcconfig */ = {isa = PBXFileReference; includeInIndex = 1; lastKnownFileType = text.xcconfig; name = "Pods-TwitSplitTests.debug.xcconfig"; path = "Pods/Target Support Files/Pods-TwitSplitTests/Pods-TwitSplitTests.debug.xcconfig"; sourceTree = "<group>"; };
		EB023B521F7B9F75008188F6 /* TwitSplit.app */ = {isa = PBXFileReference; explicitFileType = wrapper.application; includeInIndex = 0; path = TwitSplit.app; sourceTree = BUILT_PRODUCTS_DIR; };
		EB023B551F7B9F75008188F6 /* AppDelegate.swift */ = {isa = PBXFileReference; lastKnownFileType = sourcecode.swift; path = AppDelegate.swift; sourceTree = "<group>"; };
		EB023B571F7B9F75008188F6 /* HomeViewController.swift */ = {isa = PBXFileReference; lastKnownFileType = sourcecode.swift; path = HomeViewController.swift; sourceTree = "<group>"; };
		EB023B5A1F7B9F75008188F6 /* Base */ = {isa = PBXFileReference; lastKnownFileType = file.storyboard; name = Base; path = Base.lproj/Main.storyboard; sourceTree = "<group>"; };
		EB023B5C1F7B9F75008188F6 /* Assets.xcassets */ = {isa = PBXFileReference; lastKnownFileType = folder.assetcatalog; path = Assets.xcassets; sourceTree = "<group>"; };
		EB023B5F1F7B9F75008188F6 /* Base */ = {isa = PBXFileReference; lastKnownFileType = file.storyboard; name = Base; path = Base.lproj/LaunchScreen.storyboard; sourceTree = "<group>"; };
		EB023B611F7B9F75008188F6 /* Info.plist */ = {isa = PBXFileReference; lastKnownFileType = text.plist.xml; path = Info.plist; sourceTree = "<group>"; };
		EB023B661F7B9F75008188F6 /* TwitSplitTests.xctest */ = {isa = PBXFileReference; explicitFileType = wrapper.cfbundle; includeInIndex = 0; path = TwitSplitTests.xctest; sourceTree = BUILT_PRODUCTS_DIR; };
		EB023B6A1F7B9F75008188F6 /* TwitSplitTests.swift */ = {isa = PBXFileReference; lastKnownFileType = sourcecode.swift; path = TwitSplitTests.swift; sourceTree = "<group>"; };
		EB023B6C1F7B9F75008188F6 /* Info.plist */ = {isa = PBXFileReference; lastKnownFileType = text.plist.xml; path = Info.plist; sourceTree = "<group>"; };
		EB023B711F7B9F75008188F6 /* TwitSplitUITests.xctest */ = {isa = PBXFileReference; explicitFileType = wrapper.cfbundle; includeInIndex = 0; path = TwitSplitUITests.xctest; sourceTree = BUILT_PRODUCTS_DIR; };
		EB023B751F7B9F75008188F6 /* TwitSplitUITests.swift */ = {isa = PBXFileReference; lastKnownFileType = sourcecode.swift; path = TwitSplitUITests.swift; sourceTree = "<group>"; };
		EB023B771F7B9F75008188F6 /* Info.plist */ = {isa = PBXFileReference; lastKnownFileType = text.plist.xml; path = Info.plist; sourceTree = "<group>"; };
		EB023B861F7BA22D008188F6 /* Utils.swift */ = {isa = PBXFileReference; fileEncoding = 4; lastKnownFileType = sourcecode.swift; path = Utils.swift; sourceTree = "<group>"; };
		EB9678FE1F7E1B3000F1C3A6 /* GoogleService-Info.plist */ = {isa = PBXFileReference; fileEncoding = 4; lastKnownFileType = text.plist.xml; path = "GoogleService-Info.plist"; sourceTree = "<group>"; };
		EB9679011F7E1EE900F1C3A6 /* NewPostViewController.swift */ = {isa = PBXFileReference; fileEncoding = 4; lastKnownFileType = sourcecode.swift; path = NewPostViewController.swift; sourceTree = "<group>"; };
		EB9679031F7E224700F1C3A6 /* HomeCell.swift */ = {isa = PBXFileReference; fileEncoding = 4; lastKnownFileType = sourcecode.swift; name = HomeCell.swift; path = TwitSplit/ViewControllers/HomeCell.swift; sourceTree = SOURCE_ROOT; };
		EB9679041F7E224700F1C3A6 /* HomeCell.xib */ = {isa = PBXFileReference; fileEncoding = 4; lastKnownFileType = file.xib; name = HomeCell.xib; path = TwitSplit/ViewControllers/HomeCell.xib; sourceTree = SOURCE_ROOT; };
		EB9679081F7E2A9D00F1C3A6 /* Message.swift */ = {isa = PBXFileReference; fileEncoding = 4; lastKnownFileType = sourcecode.swift; path = Message.swift; sourceTree = "<group>"; };
/* End PBXFileReference section */

/* Begin PBXFrameworksBuildPhase section */
		EB023B4F1F7B9F75008188F6 /* Frameworks */ = {
			isa = PBXFrameworksBuildPhase;
			buildActionMask = 2147483647;
			files = (
				ACB1B114D86867B286728E74 /* Pods_TwitSplit.framework in Frameworks */,
			);
			runOnlyForDeploymentPostprocessing = 0;
		};
		EB023B631F7B9F75008188F6 /* Frameworks */ = {
			isa = PBXFrameworksBuildPhase;
			buildActionMask = 2147483647;
			files = (
				03DAE7231809B3F16B136262 /* Pods_TwitSplitTests.framework in Frameworks */,
			);
			runOnlyForDeploymentPostprocessing = 0;
		};
		EB023B6E1F7B9F75008188F6 /* Frameworks */ = {
			isa = PBXFrameworksBuildPhase;
			buildActionMask = 2147483647;
			files = (
				1EC1304273F7B21901D754D6 /* Pods_TwitSplitUITests.framework in Frameworks */,
			);
			runOnlyForDeploymentPostprocessing = 0;
		};
/* End PBXFrameworksBuildPhase section */

/* Begin PBXGroup section */
		1393DF56CE539F3C2D120F5B /* Pods */ = {
			isa = PBXGroup;
			children = (
				E686DF1799633C6357049587 /* Pods-TwitSplit.debug.xcconfig */,
				739FBF0DB80CDBD1897AA766 /* Pods-TwitSplit.release.xcconfig */,
				EA0019D26CCAEB2E27B9733E /* Pods-TwitSplitTests.debug.xcconfig */,
				B48F781C2A8F1EE4489DDCD3 /* Pods-TwitSplitTests.release.xcconfig */,
				54650C278DC0A63FFC11140A /* Pods-TwitSplitUITests.debug.xcconfig */,
				93958F7E6A750E13D2480349 /* Pods-TwitSplitUITests.release.xcconfig */,
			);
			name = Pods;
			sourceTree = "<group>";
		};
		BD5CF32548A978C2E44D53B9 /* Frameworks */ = {
			isa = PBXGroup;
			children = (
				DCEDD41ED8EAE77CB9C04B4E /* Pods_TwitSplit.framework */,
				034A7B23801DAEEFD1C2553D /* Pods_TwitSplitTests.framework */,
				9B3DAE78275589A05EBD5A18 /* Pods_TwitSplitUITests.framework */,
			);
			name = Frameworks;
			sourceTree = "<group>";
		};
		EB023B491F7B9F75008188F6 = {
			isa = PBXGroup;
			children = (
				BD5CF32548A978C2E44D53B9 /* Frameworks */,
				1393DF56CE539F3C2D120F5B /* Pods */,
				EB023B531F7B9F75008188F6 /* Products */,
				EB023B541F7B9F75008188F6 /* TwitSplit */,
				EB023B691F7B9F75008188F6 /* TwitSplitTests */,
				EB023B741F7B9F75008188F6 /* TwitSplitUITests */,
			);
			sourceTree = "<group>";
		};
		EB023B531F7B9F75008188F6 /* Products */ = {
			isa = PBXGroup;
			children = (
				EB023B521F7B9F75008188F6 /* TwitSplit.app */,
				EB023B661F7B9F75008188F6 /* TwitSplitTests.xctest */,
				EB023B711F7B9F75008188F6 /* TwitSplitUITests.xctest */,
			);
			name = Products;
			sourceTree = "<group>";
		};
		EB023B541F7B9F75008188F6 /* TwitSplit */ = {
			isa = PBXGroup;
			children = (
				EB9679071F7E2A8800F1C3A6 /* Models */,
				EB023B841F7BA1F3008188F6 /* Storyboards */,
				EB023B831F7BA1EB008188F6 /* Utils */,
				EB023B851F7BA202008188F6 /* ViewControllers */,
				EB9679001F7E1EB900F1C3A6 /* Views */,
				EB023B551F7B9F75008188F6 /* AppDelegate.swift */,
				EB023B5C1F7B9F75008188F6 /* Assets.xcassets */,
				EB023B611F7B9F75008188F6 /* Info.plist */,
			);
			path = TwitSplit;
			sourceTree = "<group>";
		};
		EB023B691F7B9F75008188F6 /* TwitSplitTests */ = {
			isa = PBXGroup;
			children = (
				EB9678FE1F7E1B3000F1C3A6 /* GoogleService-Info.plist */,
				EB023B6C1F7B9F75008188F6 /* Info.plist */,
				EB023B6A1F7B9F75008188F6 /* TwitSplitTests.swift */,
			);
			path = TwitSplitTests;
			sourceTree = "<group>";
		};
		EB023B741F7B9F75008188F6 /* TwitSplitUITests */ = {
			isa = PBXGroup;
			children = (
				EB023B771F7B9F75008188F6 /* Info.plist */,
				EB023B751F7B9F75008188F6 /* TwitSplitUITests.swift */,
			);
			path = TwitSplitUITests;
			sourceTree = "<group>";
		};
		EB023B831F7BA1EB008188F6 /* Utils */ = {
			isa = PBXGroup;
			children = (
				EB023B861F7BA22D008188F6 /* Utils.swift */,
			);
			path = Utils;
			sourceTree = "<group>";
		};
		EB023B841F7BA1F3008188F6 /* Storyboards */ = {
			isa = PBXGroup;
			children = (
				EB023B5E1F7B9F75008188F6 /* LaunchScreen.storyboard */,
				EB023B591F7B9F75008188F6 /* Main.storyboard */,
			);
			path = Storyboards;
			sourceTree = "<group>";
		};
		EB023B851F7BA202008188F6 /* ViewControllers */ = {
			isa = PBXGroup;
			children = (
				EB023B571F7B9F75008188F6 /* HomeViewController.swift */,
				EB9679011F7E1EE900F1C3A6 /* NewPostViewController.swift */,
			);
			path = ViewControllers;
			sourceTree = "<group>";
		};
		EB9679001F7E1EB900F1C3A6 /* Views */ = {
			isa = PBXGroup;
			children = (
				EB9679031F7E224700F1C3A6 /* HomeCell.swift */,
				EB9679041F7E224700F1C3A6 /* HomeCell.xib */,
			);
			path = Views;
			sourceTree = "<group>";
		};
		EB9679071F7E2A8800F1C3A6 /* Models */ = {
			isa = PBXGroup;
			children = (
				EB9679081F7E2A9D00F1C3A6 /* Message.swift */,
			);
			name = Models;
			sourceTree = "<group>";
		};
/* End PBXGroup section */

/* Begin PBXNativeTarget section */
		EB023B511F7B9F75008188F6 /* TwitSplit */ = {
			isa = PBXNativeTarget;
			buildConfigurationList = EB023B7A1F7B9F75008188F6 /* Build configuration list for PBXNativeTarget "TwitSplit" */;
			buildPhases = (
				BA409CB84A1A1C4593F5F2F3 /* [CP] Check Pods Manifest.lock */,
				EB023B4E1F7B9F75008188F6 /* Sources */,
				EB023B4F1F7B9F75008188F6 /* Frameworks */,
				EB023B501F7B9F75008188F6 /* Resources */,
				59A3A7EACCF0E802C1D46DD8 /* [CP] Embed Pods Frameworks */,
				CA4B234ED662BF7DD9B92850 /* [CP] Copy Pods Resources */,
			);
			buildRules = (
			);
			dependencies = (
			);
			name = TwitSplit;
			productName = TwitSplit;
			productReference = EB023B521F7B9F75008188F6 /* TwitSplit.app */;
			productType = "com.apple.product-type.application";
		};
		EB023B651F7B9F75008188F6 /* TwitSplitTests */ = {
			isa = PBXNativeTarget;
			buildConfigurationList = EB023B7D1F7B9F75008188F6 /* Build configuration list for PBXNativeTarget "TwitSplitTests" */;
			buildPhases = (
				2397654A739B3F7008702516 /* [CP] Check Pods Manifest.lock */,
				EB023B621F7B9F75008188F6 /* Sources */,
				EB023B631F7B9F75008188F6 /* Frameworks */,
				EB023B641F7B9F75008188F6 /* Resources */,
				3CFE8D7F2BE497993BC9739F /* [CP] Embed Pods Frameworks */,
				835795BA5DE6A20FCC69B4B2 /* [CP] Copy Pods Resources */,
			);
			buildRules = (
			);
			dependencies = (
				EB023B681F7B9F75008188F6 /* PBXTargetDependency */,
			);
			name = TwitSplitTests;
			productName = TwitSplitTests;
			productReference = EB023B661F7B9F75008188F6 /* TwitSplitTests.xctest */;
			productType = "com.apple.product-type.bundle.unit-test";
		};
		EB023B701F7B9F75008188F6 /* TwitSplitUITests */ = {
			isa = PBXNativeTarget;
			buildConfigurationList = EB023B801F7B9F75008188F6 /* Build configuration list for PBXNativeTarget "TwitSplitUITests" */;
			buildPhases = (
				BCC21C2DF803A726EA885F4B /* [CP] Check Pods Manifest.lock */,
				EB023B6D1F7B9F75008188F6 /* Sources */,
				EB023B6E1F7B9F75008188F6 /* Frameworks */,
				EB023B6F1F7B9F75008188F6 /* Resources */,
				09016A3B3F534ABBD25C02A4 /* [CP] Embed Pods Frameworks */,
				D33C2C8D8F7E92AB60830083 /* [CP] Copy Pods Resources */,
			);
			buildRules = (
			);
			dependencies = (
				EB023B731F7B9F75008188F6 /* PBXTargetDependency */,
			);
			name = TwitSplitUITests;
			productName = TwitSplitUITests;
			productReference = EB023B711F7B9F75008188F6 /* TwitSplitUITests.xctest */;
			productType = "com.apple.product-type.bundle.ui-testing";
		};
/* End PBXNativeTarget section */

/* Begin PBXProject section */
		EB023B4A1F7B9F75008188F6 /* Project object */ = {
			isa = PBXProject;
			attributes = {
				LastSwiftUpdateCheck = 0830;
				LastUpgradeCheck = 0830;
				ORGANIZATIONNAME = CoderSchool;
				TargetAttributes = {
					EB023B511F7B9F75008188F6 = {
						CreatedOnToolsVersion = 8.3.3;
						ProvisioningStyle = Automatic;
					};
					EB023B651F7B9F75008188F6 = {
						CreatedOnToolsVersion = 8.3.3;
						ProvisioningStyle = Automatic;
						TestTargetID = EB023B511F7B9F75008188F6;
					};
					EB023B701F7B9F75008188F6 = {
						CreatedOnToolsVersion = 8.3.3;
						ProvisioningStyle = Automatic;
						TestTargetID = EB023B511F7B9F75008188F6;
					};
				};
			};
			buildConfigurationList = EB023B4D1F7B9F75008188F6 /* Build configuration list for PBXProject "TwitSplit" */;
			compatibilityVersion = "Xcode 3.2";
			developmentRegion = English;
			hasScannedForEncodings = 0;
			knownRegions = (
				en,
				Base,
			);
			mainGroup = EB023B491F7B9F75008188F6;
			productRefGroup = EB023B531F7B9F75008188F6 /* Products */;
			projectDirPath = "";
			projectRoot = "";
			targets = (
				EB023B511F7B9F75008188F6 /* TwitSplit */,
				EB023B651F7B9F75008188F6 /* TwitSplitTests */,
				EB023B701F7B9F75008188F6 /* TwitSplitUITests */,
			);
		};
/* End PBXProject section */

/* Begin PBXResourcesBuildPhase section */
		EB023B501F7B9F75008188F6 /* Resources */ = {
			isa = PBXResourcesBuildPhase;
			buildActionMask = 2147483647;
			files = (
				EB023B601F7B9F75008188F6 /* LaunchScreen.storyboard in Resources */,
				EB9678FF1F7E1B3000F1C3A6 /* GoogleService-Info.plist in Resources */,
				EB023B5D1F7B9F75008188F6 /* Assets.xcassets in Resources */,
				EB023B5B1F7B9F75008188F6 /* Main.storyboard in Resources */,
				EB9679061F7E224700F1C3A6 /* HomeCell.xib in Resources */,
			);
			runOnlyForDeploymentPostprocessing = 0;
		};
		EB023B641F7B9F75008188F6 /* Resources */ = {
			isa = PBXResourcesBuildPhase;
			buildActionMask = 2147483647;
			files = (
			);
			runOnlyForDeploymentPostprocessing = 0;
		};
		EB023B6F1F7B9F75008188F6 /* Resources */ = {
			isa = PBXResourcesBuildPhase;
			buildActionMask = 2147483647;
			files = (
			);
			runOnlyForDeploymentPostprocessing = 0;
		};
/* End PBXResourcesBuildPhase section */

/* Begin PBXShellScriptBuildPhase section */
		09016A3B3F534ABBD25C02A4 /* [CP] Embed Pods Frameworks */ = {
			isa = PBXShellScriptBuildPhase;
			buildActionMask = 2147483647;
			files = (
			);
			inputPaths = (
			);
			name = "[CP] Embed Pods Frameworks";
			outputPaths = (
			);
			runOnlyForDeploymentPostprocessing = 0;
			shellPath = /bin/sh;
			shellScript = "\"${SRCROOT}/Pods/Target Support Files/Pods-TwitSplitUITests/Pods-TwitSplitUITests-frameworks.sh\"\n";
			showEnvVarsInLog = 0;
		};
		2397654A739B3F7008702516 /* [CP] Check Pods Manifest.lock */ = {
			isa = PBXShellScriptBuildPhase;
			buildActionMask = 2147483647;
			files = (
			);
			inputPaths = (
			);
			name = "[CP] Check Pods Manifest.lock";
			outputPaths = (
			);
			runOnlyForDeploymentPostprocessing = 0;
			shellPath = /bin/sh;
			shellScript = "diff \"${PODS_PODFILE_DIR_PATH}/Podfile.lock\" \"${PODS_ROOT}/Manifest.lock\" > /dev/null\nif [ $? != 0 ] ; then\n    # print error to STDERR\n    echo \"error: The sandbox is not in sync with the Podfile.lock. Run 'pod install' or update your CocoaPods installation.\" >&2\n    exit 1\nfi\n";
			showEnvVarsInLog = 0;
		};
		3CFE8D7F2BE497993BC9739F /* [CP] Embed Pods Frameworks */ = {
			isa = PBXShellScriptBuildPhase;
			buildActionMask = 2147483647;
			files = (
			);
			inputPaths = (
			);
			name = "[CP] Embed Pods Frameworks";
			outputPaths = (
			);
			runOnlyForDeploymentPostprocessing = 0;
			shellPath = /bin/sh;
			shellScript = "\"${SRCROOT}/Pods/Target Support Files/Pods-TwitSplitTests/Pods-TwitSplitTests-frameworks.sh\"\n";
			showEnvVarsInLog = 0;
		};
		59A3A7EACCF0E802C1D46DD8 /* [CP] Embed Pods Frameworks */ = {
			isa = PBXShellScriptBuildPhase;
			buildActionMask = 2147483647;
			files = (
			);
			inputPaths = (
			);
			name = "[CP] Embed Pods Frameworks";
			outputPaths = (
			);
			runOnlyForDeploymentPostprocessing = 0;
			shellPath = /bin/sh;
			shellScript = "\"${SRCROOT}/Pods/Target Support Files/Pods-TwitSplit/Pods-TwitSplit-frameworks.sh\"\n";
			showEnvVarsInLog = 0;
		};
		835795BA5DE6A20FCC69B4B2 /* [CP] Copy Pods Resources */ = {
			isa = PBXShellScriptBuildPhase;
			buildActionMask = 2147483647;
			files = (
			);
			inputPaths = (
			);
			name = "[CP] Copy Pods Resources";
			outputPaths = (
			);
			runOnlyForDeploymentPostprocessing = 0;
			shellPath = /bin/sh;
			shellScript = "\"${SRCROOT}/Pods/Target Support Files/Pods-TwitSplitTests/Pods-TwitSplitTests-resources.sh\"\n";
			showEnvVarsInLog = 0;
		};
		BA409CB84A1A1C4593F5F2F3 /* [CP] Check Pods Manifest.lock */ = {
			isa = PBXShellScriptBuildPhase;
			buildActionMask = 2147483647;
			files = (
			);
			inputPaths = (
			);
			name = "[CP] Check Pods Manifest.lock";
			outputPaths = (
			);
			runOnlyForDeploymentPostprocessing = 0;
			shellPath = /bin/sh;
			shellScript = "diff \"${PODS_PODFILE_DIR_PATH}/Podfile.lock\" \"${PODS_ROOT}/Manifest.lock\" > /dev/null\nif [ $? != 0 ] ; then\n    # print error to STDERR\n    echo \"error: The sandbox is not in sync with the Podfile.lock. Run 'pod install' or update your CocoaPods installation.\" >&2\n    exit 1\nfi\n";
			showEnvVarsInLog = 0;
		};
		BCC21C2DF803A726EA885F4B /* [CP] Check Pods Manifest.lock */ = {
			isa = PBXShellScriptBuildPhase;
			buildActionMask = 2147483647;
			files = (
			);
			inputPaths = (
			);
			name = "[CP] Check Pods Manifest.lock";
			outputPaths = (
			);
			runOnlyForDeploymentPostprocessing = 0;
			shellPath = /bin/sh;
			shellScript = "diff \"${PODS_PODFILE_DIR_PATH}/Podfile.lock\" \"${PODS_ROOT}/Manifest.lock\" > /dev/null\nif [ $? != 0 ] ; then\n    # print error to STDERR\n    echo \"error: The sandbox is not in sync with the Podfile.lock. Run 'pod install' or update your CocoaPods installation.\" >&2\n    exit 1\nfi\n";
			showEnvVarsInLog = 0;
		};
		CA4B234ED662BF7DD9B92850 /* [CP] Copy Pods Resources */ = {
			isa = PBXShellScriptBuildPhase;
			buildActionMask = 2147483647;
			files = (
			);
			inputPaths = (
			);
			name = "[CP] Copy Pods Resources";
			outputPaths = (
			);
			runOnlyForDeploymentPostprocessing = 0;
			shellPath = /bin/sh;
			shellScript = "\"${SRCROOT}/Pods/Target Support Files/Pods-TwitSplit/Pods-TwitSplit-resources.sh\"\n";
			showEnvVarsInLog = 0;
		};
		D33C2C8D8F7E92AB60830083 /* [CP] Copy Pods Resources */ = {
			isa = PBXShellScriptBuildPhase;
			buildActionMask = 2147483647;
			files = (
			);
			inputPaths = (
			);
			name = "[CP] Copy Pods Resources";
			outputPaths = (
			);
			runOnlyForDeploymentPostprocessing = 0;
			shellPath = /bin/sh;
			shellScript = "\"${SRCROOT}/Pods/Target Support Files/Pods-TwitSplitUITests/Pods-TwitSplitUITests-resources.sh\"\n";
			showEnvVarsInLog = 0;
		};
/* End PBXShellScriptBuildPhase section */

/* Begin PBXSourcesBuildPhase section */
		EB023B4E1F7B9F75008188F6 /* Sources */ = {
			isa = PBXSourcesBuildPhase;
			buildActionMask = 2147483647;
			files = (
				EB023B581F7B9F75008188F6 /* HomeViewController.swift in Sources */,
				EB9679021F7E1EE900F1C3A6 /* NewPostViewController.swift in Sources */,
				EB023B561F7B9F75008188F6 /* AppDelegate.swift in Sources */,
				EB9679091F7E2A9D00F1C3A6 /* Message.swift in Sources */,
				EB023B871F7BA22D008188F6 /* Utils.swift in Sources */,
				EB9679051F7E224700F1C3A6 /* HomeCell.swift in Sources */,
			);
			runOnlyForDeploymentPostprocessing = 0;
		};
		EB023B621F7B9F75008188F6 /* Sources */ = {
			isa = PBXSourcesBuildPhase;
			buildActionMask = 2147483647;
			files = (
				EB023B6B1F7B9F75008188F6 /* TwitSplitTests.swift in Sources */,
			);
			runOnlyForDeploymentPostprocessing = 0;
		};
		EB023B6D1F7B9F75008188F6 /* Sources */ = {
			isa = PBXSourcesBuildPhase;
			buildActionMask = 2147483647;
			files = (
				EB023B761F7B9F75008188F6 /* TwitSplitUITests.swift in Sources */,
			);
			runOnlyForDeploymentPostprocessing = 0;
		};
/* End PBXSourcesBuildPhase section */

/* Begin PBXTargetDependency section */
		EB023B681F7B9F75008188F6 /* PBXTargetDependency */ = {
			isa = PBXTargetDependency;
			target = EB023B511F7B9F75008188F6 /* TwitSplit */;
			targetProxy = EB023B671F7B9F75008188F6 /* PBXContainerItemProxy */;
		};
		EB023B731F7B9F75008188F6 /* PBXTargetDependency */ = {
			isa = PBXTargetDependency;
			target = EB023B511F7B9F75008188F6 /* TwitSplit */;
			targetProxy = EB023B721F7B9F75008188F6 /* PBXContainerItemProxy */;
		};
/* End PBXTargetDependency section */

/* Begin PBXVariantGroup section */
		EB023B591F7B9F75008188F6 /* Main.storyboard */ = {
			isa = PBXVariantGroup;
			children = (
				EB023B5A1F7B9F75008188F6 /* Base */,
			);
			name = Main.storyboard;
			path = .;
			sourceTree = "<group>";
		};
		EB023B5E1F7B9F75008188F6 /* LaunchScreen.storyboard */ = {
			isa = PBXVariantGroup;
			children = (
				EB023B5F1F7B9F75008188F6 /* Base */,
			);
			name = LaunchScreen.storyboard;
			path = .;
			sourceTree = "<group>";
		};
/* End PBXVariantGroup section */

/* Begin XCBuildConfiguration section */
		EB023B781F7B9F75008188F6 /* Debug */ = {
			isa = XCBuildConfiguration;
			buildSettings = {
				ALWAYS_SEARCH_USER_PATHS = NO;
				CLANG_ANALYZER_NONNULL = YES;
				CLANG_ANALYZER_NUMBER_OBJECT_CONVERSION = YES_AGGRESSIVE;
				CLANG_CXX_LANGUAGE_STANDARD = "gnu++0x";
				CLANG_CXX_LIBRARY = "libc++";
				CLANG_ENABLE_MODULES = YES;
				CLANG_ENABLE_OBJC_ARC = YES;
				CLANG_WARN_BOOL_CONVERSION = YES;
				CLANG_WARN_CONSTANT_CONVERSION = YES;
				CLANG_WARN_DIRECT_OBJC_ISA_USAGE = YES_ERROR;
				CLANG_WARN_DOCUMENTATION_COMMENTS = YES;
				CLANG_WARN_EMPTY_BODY = YES;
				CLANG_WARN_ENUM_CONVERSION = YES;
				CLANG_WARN_INFINITE_RECURSION = YES;
				CLANG_WARN_INT_CONVERSION = YES;
				CLANG_WARN_OBJC_ROOT_CLASS = YES_ERROR;
				CLANG_WARN_SUSPICIOUS_MOVE = YES;
				CLANG_WARN_UNREACHABLE_CODE = YES;
				CLANG_WARN__DUPLICATE_METHOD_MATCH = YES;
				"CODE_SIGN_IDENTITY[sdk=iphoneos*]" = "iPhone Developer";
				COPY_PHASE_STRIP = NO;
				DEBUG_INFORMATION_FORMAT = dwarf;
				ENABLE_STRICT_OBJC_MSGSEND = YES;
				ENABLE_TESTABILITY = YES;
				GCC_C_LANGUAGE_STANDARD = gnu99;
				GCC_DYNAMIC_NO_PIC = NO;
				GCC_NO_COMMON_BLOCKS = YES;
				GCC_OPTIMIZATION_LEVEL = 0;
				GCC_PREPROCESSOR_DEFINITIONS = (
					"DEBUG=1",
					"$(inherited)",
				);
				GCC_WARN_64_TO_32_BIT_CONVERSION = YES;
				GCC_WARN_ABOUT_RETURN_TYPE = YES_ERROR;
				GCC_WARN_UNDECLARED_SELECTOR = YES;
				GCC_WARN_UNINITIALIZED_AUTOS = YES_AGGRESSIVE;
				GCC_WARN_UNUSED_FUNCTION = YES;
				GCC_WARN_UNUSED_VARIABLE = YES;
				IPHONEOS_DEPLOYMENT_TARGET = 10.3;
				MTL_ENABLE_DEBUG_INFO = YES;
				ONLY_ACTIVE_ARCH = YES;
				SDKROOT = iphoneos;
				SWIFT_ACTIVE_COMPILATION_CONDITIONS = DEBUG;
				SWIFT_OPTIMIZATION_LEVEL = "-Onone";
			};
			name = Debug;
		};
		EB023B791F7B9F75008188F6 /* Release */ = {
			isa = XCBuildConfiguration;
			buildSettings = {
				ALWAYS_SEARCH_USER_PATHS = NO;
				CLANG_ANALYZER_NONNULL = YES;
				CLANG_ANALYZER_NUMBER_OBJECT_CONVERSION = YES_AGGRESSIVE;
				CLANG_CXX_LANGUAGE_STANDARD = "gnu++0x";
				CLANG_CXX_LIBRARY = "libc++";
				CLANG_ENABLE_MODULES = YES;
				CLANG_ENABLE_OBJC_ARC = YES;
				CLANG_WARN_BOOL_CONVERSION = YES;
				CLANG_WARN_CONSTANT_CONVERSION = YES;
				CLANG_WARN_DIRECT_OBJC_ISA_USAGE = YES_ERROR;
				CLANG_WARN_DOCUMENTATION_COMMENTS = YES;
				CLANG_WARN_EMPTY_BODY = YES;
				CLANG_WARN_ENUM_CONVERSION = YES;
				CLANG_WARN_INFINITE_RECURSION = YES;
				CLANG_WARN_INT_CONVERSION = YES;
				CLANG_WARN_OBJC_ROOT_CLASS = YES_ERROR;
				CLANG_WARN_SUSPICIOUS_MOVE = YES;
				CLANG_WARN_UNREACHABLE_CODE = YES;
				CLANG_WARN__DUPLICATE_METHOD_MATCH = YES;
				"CODE_SIGN_IDENTITY[sdk=iphoneos*]" = "iPhone Developer";
				COPY_PHASE_STRIP = NO;
				DEBUG_INFORMATION_FORMAT = "dwarf-with-dsym";
				ENABLE_NS_ASSERTIONS = NO;
				ENABLE_STRICT_OBJC_MSGSEND = YES;
				GCC_C_LANGUAGE_STANDARD = gnu99;
				GCC_NO_COMMON_BLOCKS = YES;
				GCC_WARN_64_TO_32_BIT_CONVERSION = YES;
				GCC_WARN_ABOUT_RETURN_TYPE = YES_ERROR;
				GCC_WARN_UNDECLARED_SELECTOR = YES;
				GCC_WARN_UNINITIALIZED_AUTOS = YES_AGGRESSIVE;
				GCC_WARN_UNUSED_FUNCTION = YES;
				GCC_WARN_UNUSED_VARIABLE = YES;
				IPHONEOS_DEPLOYMENT_TARGET = 10.3;
				MTL_ENABLE_DEBUG_INFO = NO;
				SDKROOT = iphoneos;
				SWIFT_OPTIMIZATION_LEVEL = "-Owholemodule";
				VALIDATE_PRODUCT = YES;
			};
			name = Release;
		};
		EB023B7B1F7B9F75008188F6 /* Debug */ = {
			isa = XCBuildConfiguration;
			baseConfigurationReference = E686DF1799633C6357049587 /* Pods-TwitSplit.debug.xcconfig */;
			buildSettings = {
				ASSETCATALOG_COMPILER_APPICON_NAME = AppIcon;
				INFOPLIST_FILE = TwitSplit/Info.plist;
				LD_RUNPATH_SEARCH_PATHS = "$(inherited) @executable_path/Frameworks";
				PRODUCT_BUNDLE_IDENTIFIER = com.tringo.twitsplit;
				PRODUCT_NAME = "$(TARGET_NAME)";
				SWIFT_VERSION = 3.0;
			};
			name = Debug;
		};
		EB023B7C1F7B9F75008188F6 /* Release */ = {
			isa = XCBuildConfiguration;
			baseConfigurationReference = 739FBF0DB80CDBD1897AA766 /* Pods-TwitSplit.release.xcconfig */;
			buildSettings = {
				ASSETCATALOG_COMPILER_APPICON_NAME = AppIcon;
				INFOPLIST_FILE = TwitSplit/Info.plist;
				LD_RUNPATH_SEARCH_PATHS = "$(inherited) @executable_path/Frameworks";
				PRODUCT_BUNDLE_IDENTIFIER = com.tringo.twitsplit;
				PRODUCT_NAME = "$(TARGET_NAME)";
				SWIFT_VERSION = 3.0;
			};
			name = Release;
		};
		EB023B7E1F7B9F75008188F6 /* Debug */ = {
			isa = XCBuildConfiguration;
			baseConfigurationReference = EA0019D26CCAEB2E27B9733E /* Pods-TwitSplitTests.debug.xcconfig */;
			buildSettings = {
				ALWAYS_EMBED_SWIFT_STANDARD_LIBRARIES = YES;
				BUNDLE_LOADER = "$(TEST_HOST)";
				INFOPLIST_FILE = TwitSplitTests/Info.plist;
				LD_RUNPATH_SEARCH_PATHS = "$(inherited) @executable_path/Frameworks @loader_path/Frameworks";
				PRODUCT_BUNDLE_IDENTIFIER = com.tringo.twitsplit.TwitSplitTests;
				PRODUCT_NAME = "$(TARGET_NAME)";
				SWIFT_VERSION = 3.0;
				TEST_HOST = "$(BUILT_PRODUCTS_DIR)/TwitSplit.app/TwitSplit";
			};
			name = Debug;
		};
		EB023B7F1F7B9F75008188F6 /* Release */ = {
			isa = XCBuildConfiguration;
			baseConfigurationReference = B48F781C2A8F1EE4489DDCD3 /* Pods-TwitSplitTests.release.xcconfig */;
			buildSettings = {
				ALWAYS_EMBED_SWIFT_STANDARD_LIBRARIES = YES;
				BUNDLE_LOADER = "$(TEST_HOST)";
				INFOPLIST_FILE = TwitSplitTests/Info.plist;
				LD_RUNPATH_SEARCH_PATHS = "$(inherited) @executable_path/Frameworks @loader_path/Frameworks";
				PRODUCT_BUNDLE_IDENTIFIER = com.tringo.twitsplit.TwitSplitTests;
				PRODUCT_NAME = "$(TARGET_NAME)";
				SWIFT_VERSION = 3.0;
				TEST_HOST = "$(BUILT_PRODUCTS_DIR)/TwitSplit.app/TwitSplit";
			};
			name = Release;
		};
		EB023B811F7B9F75008188F6 /* Debug */ = {
			isa = XCBuildConfiguration;
			baseConfigurationReference = 54650C278DC0A63FFC11140A /* Pods-TwitSplitUITests.debug.xcconfig */;
			buildSettings = {
				ALWAYS_EMBED_SWIFT_STANDARD_LIBRARIES = YES;
				INFOPLIST_FILE = TwitSplitUITests/Info.plist;
				LD_RUNPATH_SEARCH_PATHS = "$(inherited) @executable_path/Frameworks @loader_path/Frameworks";
				PRODUCT_BUNDLE_IDENTIFIER = com.tringo.twitsplit.TwitSplitUITests;
				PRODUCT_NAME = "$(TARGET_NAME)";
				SWIFT_VERSION = 3.0;
				TEST_TARGET_NAME = TwitSplit;
			};
			name = Debug;
		};
		EB023B821F7B9F75008188F6 /* Release */ = {
			isa = XCBuildConfiguration;
			baseConfigurationReference = 93958F7E6A750E13D2480349 /* Pods-TwitSplitUITests.release.xcconfig */;
			buildSettings = {
				ALWAYS_EMBED_SWIFT_STANDARD_LIBRARIES = YES;
				INFOPLIST_FILE = TwitSplitUITests/Info.plist;
				LD_RUNPATH_SEARCH_PATHS = "$(inherited) @executable_path/Frameworks @loader_path/Frameworks";
				PRODUCT_BUNDLE_IDENTIFIER = com.tringo.twitsplit.TwitSplitUITests;
				PRODUCT_NAME = "$(TARGET_NAME)";
				SWIFT_VERSION = 3.0;
				TEST_TARGET_NAME = TwitSplit;
			};
			name = Release;
		};
/* End XCBuildConfiguration section */

/* Begin XCConfigurationList section */
		EB023B4D1F7B9F75008188F6 /* Build configuration list for PBXProject "TwitSplit" */ = {
			isa = XCConfigurationList;
			buildConfigurations = (
				EB023B781F7B9F75008188F6 /* Debug */,
				EB023B791F7B9F75008188F6 /* Release */,
			);
			defaultConfigurationIsVisible = 0;
			defaultConfigurationName = Release;
		};
		EB023B7A1F7B9F75008188F6 /* Build configuration list for PBXNativeTarget "TwitSplit" */ = {
			isa = XCConfigurationList;
			buildConfigurations = (
				EB023B7B1F7B9F75008188F6 /* Debug */,
				EB023B7C1F7B9F75008188F6 /* Release */,
			);
			defaultConfigurationIsVisible = 0;
			defaultConfigurationName = Release;
		};
		EB023B7D1F7B9F75008188F6 /* Build configuration list for PBXNativeTarget "TwitSplitTests" */ = {
			isa = XCConfigurationList;
			buildConfigurations = (
				EB023B7E1F7B9F75008188F6 /* Debug */,
				EB023B7F1F7B9F75008188F6 /* Release */,
			);
			defaultConfigurationIsVisible = 0;
			defaultConfigurationName = Release;
		};
		EB023B801F7B9F75008188F6 /* Build configuration list for PBXNativeTarget "TwitSplitUITests" */ = {
			isa = XCConfigurationList;
			buildConfigurations = (
				EB023B811F7B9F75008188F6 /* Debug */,
				EB023B821F7B9F75008188F6 /* Release */,
			);
			defaultConfigurationIsVisible = 0;
			defaultConfigurationName = Release;
		};
/* End XCConfigurationList section */
	};
	rootObject = EB023B4A1F7B9F75008188F6 /* Project object */;
}
